{
  "name": "rs-diff",
  "version": "1.0.0",
  "lockfileVersion": 2,
  "requires": true,
  "packages": {
    "": {
      "name": "rs-diff",
      "version": "1.0.0",
      "license": "ISC"
    },
    "node_modules/rs-diff": {
      "resolved": "",
      "link": true
    }
  },
  "dependencies": {
    "rs-diff": {
      "version": "file:"
    }
  }
}
